
Microsoft Visual Studio Solution File, Format Version 12.00
# Visual Studio Version 17
VisualStudioVersion = 17.11.35327.3
MinimumVisualStudioVersion = 10.0.40219.1
Project("{FAE04EC0-301F-11D3-BF4B-00C04F79EFBC}") = "Infrastructure", "Infrastructure\Infrastructure.csproj", "{D670FF0D-9420-412C-BEC7-ADD0D13A057C}"
EndProject
Project("{FAE04EC0-301F-11D3-BF4B-00C04F79EFBC}") = "Application", "Application\Application.csproj", "{94558348-A1D9-4C73-9C0B-764759637D62}"
EndProject
Project("{FAE04EC0-301F-11D3-BF4B-00C04F79EFBC}") = "Domain", "Domain\Domain.csproj", "{608B8CC5-A87E-434C-8908-7AD31C64D511}"
EndProject
Global
	GlobalSection(SolutionConfigurationPlatforms) = preSolution
		Debug|Any CPU = Debug|Any CPU
		Release|Any CPU = Release|Any CPU
	EndGlobalSection
	GlobalSection(ProjectConfigurationPlatforms) = postSolution
		{D670FF0D-9420-412C-BEC7-ADD0D13A057C}.Debug|Any CPU.ActiveCfg = Debug|Any CPU
		{D670FF0D-9420-412C-BEC7-ADD0D13A057C}.Debug|Any CPU.Build.0 = Debug|Any CPU
		{D670FF0D-9420-412C-BEC7-ADD0D13A057C}.Release|Any CPU.ActiveCfg = Release|Any CPU
		{D670FF0D-9420-412C-BEC7-ADD0D13A057C}.Release|Any CPU.Build.0 = Release|Any CPU
		{94558348-A1D9-4C73-9C0B-764759637D62}.Debug|Any CPU.ActiveCfg = Debug|Any CPU
		{94558348-A1D9-4C73-9C0B-764759637D62}.Debug|Any CPU.Build.0 = Debug|Any CPU
		{94558348-A1D9-4C73-9C0B-764759637D62}.Release|Any CPU.ActiveCfg = Release|Any CPU
		{94558348-A1D9-4C73-9C0B-764759637D62}.Release|Any CPU.Build.0 = Release|Any CPU
		{608B8CC5-A87E-434C-8908-7AD31C64D511}.Debug|Any CPU.ActiveCfg = Debug|Any CPU
		{608B8CC5-A87E-434C-8908-7AD31C64D511}.Debug|Any CPU.Build.0 = Debug|Any CPU
		{608B8CC5-A87E-434C-8908-7AD31C64D511}.Release|Any CPU.ActiveCfg = Release|Any CPU
		{608B8CC5-A87E-434C-8908-7AD31C64D511}.Release|Any CPU.Build.0 = Release|Any CPU
	EndGlobalSection
	GlobalSection(SolutionProperties) = preSolution
		HideSolutionNode = FALSE
	EndGlobalSection
	GlobalSection(ExtensibilityGlobals) = postSolution
		SolutionGuid = {D6F44FFC-3A66-4E34-96C5-87F9955DF699}
	EndGlobalSection
EndGlobal
